
Microsoft Visual Studio Solution File, Format Version 12.00
# Visual Studio Version 17
VisualStudioVersion = 17.8.34309.116
MinimumVisualStudioVersion = 10.0.40219.1
Project("{FAE04EC0-301F-11D3-BF4B-00C04F79EFBC}") = "src\\AoC2023", "src\\AoC2023.csproj", "{15497F6D-935F-41C8-81CD-53B4B6D8D73C}"
EndProject
Global
	GlobalSection(SolutionConfigurationPlatforms) = preSolution
		Debug|Any CPU = Debug|Any CPU
		Release|Any CPU = Release|Any CPU
	EndGlobalSection
	GlobalSection(ProjectConfigurationPlatforms) = postSolution
		{15497F6D-935F-41C8-81CD-53B4B6D8D73C}.Debug|Any CPU.ActiveCfg = Debug|Any CPU
		{15497F6D-935F-41C8-81CD-53B4B6D8D73C}.Debug|Any CPU.Build.0 = Debug|Any CPU
		{15497F6D-935F-41C8-81CD-53B4B6D8D73C}.Release|Any CPU.ActiveCfg = Release|Any CPU
		{15497F6D-935F-41C8-81CD-53B4B6D8D73C}.Release|Any CPU.Build.0 = Release|Any CPU
	EndGlobalSection
	GlobalSection(SolutionProperties) = preSolution
		HideSolutionNode = FALSE
	EndGlobalSection
	GlobalSection(ExtensibilityGlobals) = postSolution
		SolutionGuid = {98323A64-37B3-47B1-9212-B520630AFC53}
	EndGlobalSection
EndGlobal
